// !$*UTF8*$!
{
	archiveVersion = 1;
	classes = {
	};
	objectVersion = 54;
	objects = {

/* Begin PBXBuildFile section */
		00E356F31AD99517003FC87E /* KMa_Support_JobTests.m in Sources */ = {isa = PBXBuildFile; fileRef = 00E356F21AD99517003FC87E /* KMa_Support_JobTests.m */; };
		13B07FBC1A68108700A75B9A /* AppDelegate.m in Sources */ = {isa = PBXBuildFile; fileRef = 13B07FB01A68108700A75B9A /* AppDelegate.m */; };
		13B07FBF1A68108700A75B9A /* Images.xcassets in Resources */ = {isa = PBXBuildFile; fileRef = 13B07FB51A68108700A75B9A /* Images.xcassets */; };
		13B07FC11A68108700A75B9A /* main.m in Sources */ = {isa = PBXBuildFile; fileRef = 13B07FB71A68108700A75B9A /* main.m */; };
		81AB9BB82411601600AC10FF /* LaunchScreen.storyboard in Resources */ = {isa = PBXBuildFile; fileRef = 81AB9BB72411601600AC10FF /* LaunchScreen.storyboard */; };
		BF65D7C341334ECDBB440FDE /* Roboto-Black.ttf in Resources */ = {isa = PBXBuildFile; fileRef = DE8DF6F404C14FE0A17ADC7F /* Roboto-Black.ttf */; };
		4A8796AB959A4AF68F13F920 /* Roboto-BlackItalic.ttf in Resources */ = {isa = PBXBuildFile; fileRef = 2F3E66C04C894CF4B5ECF893 /* Roboto-BlackItalic.ttf */; };
		210C0B3A79514BA89B78C986 /* Roboto-Bold.ttf in Resources */ = {isa = PBXBuildFile; fileRef = 93E436ABC42C42DD8720ED77 /* Roboto-Bold.ttf */; };
		4F1BE03A896F44E79B534058 /* Roboto-BoldItalic.ttf in Resources */ = {isa = PBXBuildFile; fileRef = BFC92420A9C8471FA368F257 /* Roboto-BoldItalic.ttf */; };
		3E207ED844B744C5A12DBB8F /* Roboto-Italic.ttf in Resources */ = {isa = PBXBuildFile; fileRef = EB292404CFF74E96B884285C /* Roboto-Italic.ttf */; };
		F80A610CD190479EAD5C8BCA /* Roboto-Light.ttf in Resources */ = {isa = PBXBuildFile; fileRef = F0B8D37395CE4661A65330C7 /* Roboto-Light.ttf */; };
		8D52B6EED23A436489F89F86 /* Roboto-LightItalic.ttf in Resources */ = {isa = PBXBuildFile; fileRef = BA2BDC3C474340D0A0232918 /* Roboto-LightItalic.ttf */; };
		BE5A5C97443E4EC3B2695BF3 /* Roboto-Medium.ttf in Resources */ = {isa = PBXBuildFile; fileRef = 436553C8FAA34F2EAC69500F /* Roboto-Medium.ttf */; };
		05DC70D7860840DEB782AB92 /* Roboto-MediumItalic.ttf in Resources */ = {isa = PBXBuildFile; fileRef = 8EA5878684BE4B96B3469308 /* Roboto-MediumItalic.ttf */; };
		2598A227EECD42AF9877389D /* Roboto-Regular.ttf in Resources */ = {isa = PBXBuildFile; fileRef = 0244447492A44C3FA02422CE /* Roboto-Regular.ttf */; };
		890D3374677F4EBFA189E509 /* Roboto-Thin.ttf in Resources */ = {isa = PBXBuildFile; fileRef = F6061538027F471D878FF326 /* Roboto-Thin.ttf */; };
		7854D93EC4C1414DB83FFF3B /* Roboto-ThinItalic.ttf in Resources */ = {isa = PBXBuildFile; fileRef = 7162C0F8D0D04C9199CFC03D /* Roboto-ThinItalic.ttf */; };
		E4829E739A94429C9E2E7001 /* RobotoCondensed-Bold.ttf in Resources */ = {isa = PBXBuildFile; fileRef = 7C9E9873D51C47D2B78A4197 /* RobotoCondensed-Bold.ttf */; };
		D32507F34CA741649B84F9F5 /* RobotoCondensed-BoldItalic.ttf in Resources */ = {isa = PBXBuildFile; fileRef = 7A909B01ABE34692B958458A /* RobotoCondensed-BoldItalic.ttf */; };
		22D32FD2C80B4C479E00F607 /* RobotoCondensed-Italic.ttf in Resources */ = {isa = PBXBuildFile; fileRef = 61F41151161A4675BC1DD162 /* RobotoCondensed-Italic.ttf */; };
		3B3C0C69C0864FB795EEB054 /* RobotoCondensed-Light.ttf in Resources */ = {isa = PBXBuildFile; fileRef = CB7C5E091EDE46A197C61368 /* RobotoCondensed-Light.ttf */; };
		014C082F3EC14AB1B731B58C /* RobotoCondensed-LightItalic.ttf in Resources */ = {isa = PBXBuildFile; fileRef = E44ABD9020AD42F9945289F9 /* RobotoCondensed-LightItalic.ttf */; };
		1E22ACD69C3143C89DEE15DF /* RobotoCondensed-Regular.ttf in Resources */ = {isa = PBXBuildFile; fileRef = 7D6A9718B63644FF90B22B08 /* RobotoCondensed-Regular.ttf */; };
		12922190360C41B8AE4FE8C6 /* Gluten-Black.ttf in Resources */ = {isa = PBXBuildFile; fileRef = 993D0251D0A14DC38F6DD9D1 /* Gluten-Black.ttf */; };
		FE84F4389D3D460BBE4355C4 /* Gluten-Bold.ttf in Resources */ = {isa = PBXBuildFile; fileRef = 0639128804A341B09C1937AF /* Gluten-Bold.ttf */; };
		FF1AAFD2F6D44DFEB911BADD /* Gluten-ExtraBold.ttf in Resources */ = {isa = PBXBuildFile; fileRef = 6AED94A287DD4A7BAC29B558 /* Gluten-ExtraBold.ttf */; };
		690947E4D2B846F0BD453B61 /* Gluten-ExtraLight.ttf in Resources */ = {isa = PBXBuildFile; fileRef = DB3A0D0C2B02448C88101F56 /* Gluten-ExtraLight.ttf */; };
		0C581ECFAF044627AE76C15B /* Gluten-Light.ttf in Resources */ = {isa = PBXBuildFile; fileRef = D96D820624C2459A9454C834 /* Gluten-Light.ttf */; };
		C91DE209CE8E433EAED10AAB /* Gluten-Medium.ttf in Resources */ = {isa = PBXBuildFile; fileRef = 6D7A2DBE485C49759281A42F /* Gluten-Medium.ttf */; };
		8C17561ADBD44B2FAF5F21F3 /* Gluten-Regular.ttf in Resources */ = {isa = PBXBuildFile; fileRef = 13786C953DF6430E8E955B7A /* Gluten-Regular.ttf */; };
		97465DA2F84040B0BB4913ED /* Gluten-SemiBold.ttf in Resources */ = {isa = PBXBuildFile; fileRef = D1BE3D0209B1454C938C9CBB /* Gluten-SemiBold.ttf */; };
		5EAD20A8477845A0A306B1E1 /* Gluten-Thin.ttf in Resources */ = {isa = PBXBuildFile; fileRef = 575E52B98AAB4BC4ADBFAE45 /* Gluten-Thin.ttf */; };
		000857D6E1B84E72BA7C6390 /* Gluten-VariableFont_wght.ttf in Resources */ = {isa = PBXBuildFile; fileRef = AAE7FB563F134B18BBC2F709 /* Gluten-VariableFont_wght.ttf */; };
		7191A2B24E804379818681B4 /* AntDesign.ttf in Resources */ = {isa = PBXBuildFile; fileRef = 5B8E3DBA31F04F0CB8D3DC46 /* AntDesign.ttf */; };
		9D952B3C512B4894A643CA72 /* Entypo.ttf in Resources */ = {isa = PBXBuildFile; fileRef = 50ED0743C34340AD845D505A /* Entypo.ttf */; };
		EFE46C92120F4728AF4505E8 /* EvilIcons.ttf in Resources */ = {isa = PBXBuildFile; fileRef = E43C408AD11F4300AD63C498 /* EvilIcons.ttf */; };
		8A4144734AF14019A45AE0B9 /* Feather.ttf in Resources */ = {isa = PBXBuildFile; fileRef = 84F9AE3D830845DF9492D936 /* Feather.ttf */; };
		087B8F1807304B9AB3CD131E /* FontAwesome.ttf in Resources */ = {isa = PBXBuildFile; fileRef = 5C1BED00C05B411A900EA707 /* FontAwesome.ttf */; };
		4FAAD72738D5412F8513ADF7 /* FontAwesome5_Brands.ttf in Resources */ = {isa = PBXBuildFile; fileRef = 4D3F7E2A762344439E1DFE45 /* FontAwesome5_Brands.ttf */; };
		CFAB9182CE804797993561C2 /* FontAwesome5_Regular.ttf in Resources */ = {isa = PBXBuildFile; fileRef = 8FD6682C55004896BD87801E /* FontAwesome5_Regular.ttf */; };
		B7FB73CEDC5448449F217226 /* FontAwesome5_Solid.ttf in Resources */ = {isa = PBXBuildFile; fileRef = 1C03878A087045D6B6C21165 /* FontAwesome5_Solid.ttf */; };
		C8C440BAD47B4217B8513D98 /* Fontisto.ttf in Resources */ = {isa = PBXBuildFile; fileRef = 0FE8E6FC64D24AFFAD9D23DA /* Fontisto.ttf */; };
		2C67AE36DCE8464FBE020CEC /* Foundation.ttf in Resources */ = {isa = PBXBuildFile; fileRef = 5443CE57C8974D50AB8DB530 /* Foundation.ttf */; };
		6E344762B753420CBA9C2F07 /* Ionicons.ttf in Resources */ = {isa = PBXBuildFile; fileRef = B1ABACCEB24347289D4E8F21 /* Ionicons.ttf */; };
		A47C98E9AF4242AB85F5641C /* MaterialCommunityIcons.ttf in Resources */ = {isa = PBXBuildFile; fileRef = 20690B4D059241CDA7A8CF7C /* MaterialCommunityIcons.ttf */; };
		4D55E7539D104ACC90C8842F /* MaterialIcons.ttf in Resources */ = {isa = PBXBuildFile; fileRef = 0650B467477545C2B13981E9 /* MaterialIcons.ttf */; };
		798752824E7D4A22995355C9 /* Octicons.ttf in Resources */ = {isa = PBXBuildFile; fileRef = A0782299E7264008A9A8A548 /* Octicons.ttf */; };
		B0DE398460F94FF28BA0C227 /* SimpleLineIcons.ttf in Resources */ = {isa = PBXBuildFile; fileRef = D6BA49B1481848CBA5388F74 /* SimpleLineIcons.ttf */; };
		FCBE5C2A488E44368552D1A4 /* Zocial.ttf in Resources */ = {isa = PBXBuildFile; fileRef = 20CE49FF4EA84B199281A834 /* Zocial.ttf */; };
		B0EF486C93154F71AFC177E9 /* ScheherazadeNew-Bold.ttf in Resources */ = {isa = PBXBuildFile; fileRef = 13641ECC39CC48FAA1C0E37B /* ScheherazadeNew-Bold.ttf */; };
		15007EC5015043748F375AB7 /* ScheherazadeNew-Regular.ttf in Resources */ = {isa = PBXBuildFile; fileRef = 0AB3890B2BFF42DC966725A6 /* ScheherazadeNew-Regular.ttf */; };
		F5A88FC5FBEA439FA4A1300B /* Slabo27px-Regular.ttf in Resources */ = {isa = PBXBuildFile; fileRef = 805F3FBD8FD54530B59570A5 /* Slabo27px-Regular.ttf */; };
/* End PBXBuildFile section */

/* Begin PBXContainerItemProxy section */
		00E356F41AD99517003FC87E /* PBXContainerItemProxy */ = {
			isa = PBXContainerItemProxy;
			containerPortal = 83CBB9F71A601CBA00E9B192 /* Project object */;
			proxyType = 1;
			remoteGlobalIDString = 13B07F861A680F5B00A75B9A;
			remoteInfo = KMa_Support_Job;
		};
/* End PBXContainerItemProxy section */

/* Begin PBXFileReference section */
		00E356EE1AD99517003FC87E /* KMa_Support_JobTests.xctest */ = {isa = PBXFileReference; explicitFileType = wrapper.cfbundle; includeInIndex = 0; path = KMa_Support_JobTests.xctest; sourceTree = BUILT_PRODUCTS_DIR; };
		00E356F11AD99517003FC87E /* Info.plist */ = {isa = PBXFileReference; lastKnownFileType = text.plist.xml; path = Info.plist; sourceTree = "<group>"; };
		00E356F21AD99517003FC87E /* KMa_Support_JobTests.m */ = {isa = PBXFileReference; lastKnownFileType = sourcecode.c.objc; path = KMa_Support_JobTests.m; sourceTree = "<group>"; };
		13B07F961A680F5B00A75B9A /* KMa_Support_Job.app */ = {isa = PBXFileReference; explicitFileType = wrapper.application; includeInIndex = 0; path = KMa_Support_Job.app; sourceTree = BUILT_PRODUCTS_DIR; };
		13B07FAF1A68108700A75B9A /* AppDelegate.h */ = {isa = PBXFileReference; fileEncoding = 4; lastKnownFileType = sourcecode.c.h; name = AppDelegate.h; path = KMa_Support_Job/AppDelegate.h; sourceTree = "<group>"; };
		13B07FB01A68108700A75B9A /* AppDelegate.m */ = {isa = PBXFileReference; fileEncoding = 4; lastKnownFileType = sourcecode.c.objc; name = AppDelegate.m; path = KMa_Support_Job/AppDelegate.m; sourceTree = "<group>"; };
		13B07FB51A68108700A75B9A /* Images.xcassets */ = {isa = PBXFileReference; lastKnownFileType = folder.assetcatalog; name = Images.xcassets; path = KMa_Support_Job/Images.xcassets; sourceTree = "<group>"; };
		13B07FB61A68108700A75B9A /* Info.plist */ = {isa = PBXFileReference; fileEncoding = 4; lastKnownFileType = text.plist.xml; name = Info.plist; path = KMa_Support_Job/Info.plist; sourceTree = "<group>"; };
		13B07FB71A68108700A75B9A /* main.m */ = {isa = PBXFileReference; fileEncoding = 4; lastKnownFileType = sourcecode.c.objc; name = main.m; path = KMa_Support_Job/main.m; sourceTree = "<group>"; };
		81AB9BB72411601600AC10FF /* LaunchScreen.storyboard */ = {isa = PBXFileReference; fileEncoding = 4; lastKnownFileType = file.storyboard; name = LaunchScreen.storyboard; path = KMa_Support_Job/LaunchScreen.storyboard; sourceTree = "<group>"; };
		ED297162215061F000B7C4FE /* JavaScriptCore.framework */ = {isa = PBXFileReference; lastKnownFileType = wrapper.framework; name = JavaScriptCore.framework; path = System/Library/Frameworks/JavaScriptCore.framework; sourceTree = SDKROOT; };
		DE8DF6F404C14FE0A17ADC7F /* Roboto-Black.ttf */ = {isa = PBXFileReference; name = "Roboto-Black.ttf"; path = "../components/assets/fonts/Roboto-Black.ttf"; sourceTree = "<group>"; fileEncoding = undefined; lastKnownFileType = unknown; explicitFileType = undefined; includeInIndex = 0; };
		2F3E66C04C894CF4B5ECF893 /* Roboto-BlackItalic.ttf */ = {isa = PBXFileReference; name = "Roboto-BlackItalic.ttf"; path = "../components/assets/fonts/Roboto-BlackItalic.ttf"; sourceTree = "<group>"; fileEncoding = undefined; lastKnownFileType = unknown; explicitFileType = undefined; includeInIndex = 0; };
		93E436ABC42C42DD8720ED77 /* Roboto-Bold.ttf */ = {isa = PBXFileReference; name = "Roboto-Bold.ttf"; path = "../components/assets/fonts/Roboto-Bold.ttf"; sourceTree = "<group>"; fileEncoding = undefined; lastKnownFileType = unknown; explicitFileType = undefined; includeInIndex = 0; };
		BFC92420A9C8471FA368F257 /* Roboto-BoldItalic.ttf */ = {isa = PBXFileReference; name = "Roboto-BoldItalic.ttf"; path = "../components/assets/fonts/Roboto-BoldItalic.ttf"; sourceTree = "<group>"; fileEncoding = undefined; lastKnownFileType = unknown; explicitFileType = undefined; includeInIndex = 0; };
		EB292404CFF74E96B884285C /* Roboto-Italic.ttf */ = {isa = PBXFileReference; name = "Roboto-Italic.ttf"; path = "../components/assets/fonts/Roboto-Italic.ttf"; sourceTree = "<group>"; fileEncoding = undefined; lastKnownFileType = unknown; explicitFileType = undefined; includeInIndex = 0; };
		F0B8D37395CE4661A65330C7 /* Roboto-Light.ttf */ = {isa = PBXFileReference; name = "Roboto-Light.ttf"; path = "../components/assets/fonts/Roboto-Light.ttf"; sourceTree = "<group>"; fileEncoding = undefined; lastKnownFileType = unknown; explicitFileType = undefined; includeInIndex = 0; };
		BA2BDC3C474340D0A0232918 /* Roboto-LightItalic.ttf */ = {isa = PBXFileReference; name = "Roboto-LightItalic.ttf"; path = "../components/assets/fonts/Roboto-LightItalic.ttf"; sourceTree = "<group>"; fileEncoding = undefined; lastKnownFileType = unknown; explicitFileType = undefined; includeInIndex = 0; };
		436553C8FAA34F2EAC69500F /* Roboto-Medium.ttf */ = {isa = PBXFileReference; name = "Roboto-Medium.ttf"; path = "../components/assets/fonts/Roboto-Medium.ttf"; sourceTree = "<group>"; fileEncoding = undefined; lastKnownFileType = unknown; explicitFileType = undefined; includeInIndex = 0; };
		8EA5878684BE4B96B3469308 /* Roboto-MediumItalic.ttf */ = {isa = PBXFileReference; name = "Roboto-MediumItalic.ttf"; path = "../components/assets/fonts/Roboto-MediumItalic.ttf"; sourceTree = "<group>"; fileEncoding = undefined; lastKnownFileType = unknown; explicitFileType = undefined; includeInIndex = 0; };
		0244447492A44C3FA02422CE /* Roboto-Regular.ttf */ = {isa = PBXFileReference; name = "Roboto-Regular.ttf"; path = "../components/assets/fonts/Roboto-Regular.ttf"; sourceTree = "<group>"; fileEncoding = undefined; lastKnownFileType = unknown; explicitFileType = undefined; includeInIndex = 0; };
		F6061538027F471D878FF326 /* Roboto-Thin.ttf */ = {isa = PBXFileReference; name = "Roboto-Thin.ttf"; path = "../components/assets/fonts/Roboto-Thin.ttf"; sourceTree = "<group>"; fileEncoding = undefined; lastKnownFileType = unknown; explicitFileType = undefined; includeInIndex = 0; };
		7162C0F8D0D04C9199CFC03D /* Roboto-ThinItalic.ttf */ = {isa = PBXFileReference; name = "Roboto-ThinItalic.ttf"; path = "../components/assets/fonts/Roboto-ThinItalic.ttf"; sourceTree = "<group>"; fileEncoding = undefined; lastKnownFileType = unknown; explicitFileType = undefined; includeInIndex = 0; };
		7C9E9873D51C47D2B78A4197 /* RobotoCondensed-Bold.ttf */ = {isa = PBXFileReference; name = "RobotoCondensed-Bold.ttf"; path = "../components/assets/fonts/RobotoCondensed-Bold.ttf"; sourceTree = "<group>"; fileEncoding = undefined; lastKnownFileType = unknown; explicitFileType = undefined; includeInIndex = 0; };
		7A909B01ABE34692B958458A /* RobotoCondensed-BoldItalic.ttf */ = {isa = PBXFileReference; name = "RobotoCondensed-BoldItalic.ttf"; path = "../components/assets/fonts/RobotoCondensed-BoldItalic.ttf"; sourceTree = "<group>"; fileEncoding = undefined; lastKnownFileType = unknown; explicitFileType = undefined; includeInIndex = 0; };
		61F41151161A4675BC1DD162 /* RobotoCondensed-Italic.ttf */ = {isa = PBXFileReference; name = "RobotoCondensed-Italic.ttf"; path = "../components/assets/fonts/RobotoCondensed-Italic.ttf"; sourceTree = "<group>"; fileEncoding = undefined; lastKnownFileType = unknown; explicitFileType = undefined; includeInIndex = 0; };
		CB7C5E091EDE46A197C61368 /* RobotoCondensed-Light.ttf */ = {isa = PBXFileReference; name = "RobotoCondensed-Light.ttf"; path = "../components/assets/fonts/RobotoCondensed-Light.ttf"; sourceTree = "<group>"; fileEncoding = undefined; lastKnownFileType = unknown; explicitFileType = undefined; includeInIndex = 0; };
		E44ABD9020AD42F9945289F9 /* RobotoCondensed-LightItalic.ttf */ = {isa = PBXFileReference; name = "RobotoCondensed-LightItalic.ttf"; path = "../components/assets/fonts/RobotoCondensed-LightItalic.ttf"; sourceTree = "<group>"; fileEncoding = undefined; lastKnownFileType = unknown; explicitFileType = undefined; includeInIndex = 0; };
		7D6A9718B63644FF90B22B08 /* RobotoCondensed-Regular.ttf */ = {isa = PBXFileReference; name = "RobotoCondensed-Regular.ttf"; path = "../components/assets/fonts/RobotoCondensed-Regular.ttf"; sourceTree = "<group>"; fileEncoding = undefined; lastKnownFileType = unknown; explicitFileType = undefined; includeInIndex = 0; };
		993D0251D0A14DC38F6DD9D1 /* Gluten-Black.ttf */ = {isa = PBXFileReference; name = "Gluten-Black.ttf"; path = "../components/assets/fonts/Gluten-Black.ttf"; sourceTree = "<group>"; fileEncoding = undefined; lastKnownFileType = unknown; explicitFileType = undefined; includeInIndex = 0; };
		0639128804A341B09C1937AF /* Gluten-Bold.ttf */ = {isa = PBXFileReference; name = "Gluten-Bold.ttf"; path = "../components/assets/fonts/Gluten-Bold.ttf"; sourceTree = "<group>"; fileEncoding = undefined; lastKnownFileType = unknown; explicitFileType = undefined; includeInIndex = 0; };
		6AED94A287DD4A7BAC29B558 /* Gluten-ExtraBold.ttf */ = {isa = PBXFileReference; name = "Gluten-ExtraBold.ttf"; path = "../components/assets/fonts/Gluten-ExtraBold.ttf"; sourceTree = "<group>"; fileEncoding = undefined; lastKnownFileType = unknown; explicitFileType = undefined; includeInIndex = 0; };
		DB3A0D0C2B02448C88101F56 /* Gluten-ExtraLight.ttf */ = {isa = PBXFileReference; name = "Gluten-ExtraLight.ttf"; path = "../components/assets/fonts/Gluten-ExtraLight.ttf"; sourceTree = "<group>"; fileEncoding = undefined; lastKnownFileType = unknown; explicitFileType = undefined; includeInIndex = 0; };
		D96D820624C2459A9454C834 /* Gluten-Light.ttf */ = {isa = PBXFileReference; name = "Gluten-Light.ttf"; path = "../components/assets/fonts/Gluten-Light.ttf"; sourceTree = "<group>"; fileEncoding = undefined; lastKnownFileType = unknown; explicitFileType = undefined; includeInIndex = 0; };
		6D7A2DBE485C49759281A42F /* Gluten-Medium.ttf */ = {isa = PBXFileReference; name = "Gluten-Medium.ttf"; path = "../components/assets/fonts/Gluten-Medium.ttf"; sourceTree = "<group>"; fileEncoding = undefined; lastKnownFileType = unknown; explicitFileType = undefined; includeInIndex = 0; };
		13786C953DF6430E8E955B7A /* Gluten-Regular.ttf */ = {isa = PBXFileReference; name = "Gluten-Regular.ttf"; path = "../components/assets/fonts/Gluten-Regular.ttf"; sourceTree = "<group>"; fileEncoding = undefined; lastKnownFileType = unknown; explicitFileType = undefined; includeInIndex = 0; };
		D1BE3D0209B1454C938C9CBB /* Gluten-SemiBold.ttf */ = {isa = PBXFileReference; name = "Gluten-SemiBold.ttf"; path = "../components/assets/fonts/Gluten-SemiBold.ttf"; sourceTree = "<group>"; fileEncoding = undefined; lastKnownFileType = unknown; explicitFileType = undefined; includeInIndex = 0; };
		575E52B98AAB4BC4ADBFAE45 /* Gluten-Thin.ttf */ = {isa = PBXFileReference; name = "Gluten-Thin.ttf"; path = "../components/assets/fonts/Gluten-Thin.ttf"; sourceTree = "<group>"; fileEncoding = undefined; lastKnownFileType = unknown; explicitFileType = undefined; includeInIndex = 0; };
		AAE7FB563F134B18BBC2F709 /* Gluten-VariableFont_wght.ttf */ = {isa = PBXFileReference; name = "Gluten-VariableFont_wght.ttf"; path = "../components/assets/fonts/Gluten-VariableFont_wght.ttf"; sourceTree = "<group>"; fileEncoding = undefined; lastKnownFileType = unknown; explicitFileType = undefined; includeInIndex = 0; };
		5B8E3DBA31F04F0CB8D3DC46 /* AntDesign.ttf */ = {isa = PBXFileReference; name = "AntDesign.ttf"; path = "../node_modules/react-native-vector-icons/Fonts/AntDesign.ttf"; sourceTree = "<group>"; fileEncoding = undefined; lastKnownFileType = unknown; explicitFileType = undefined; includeInIndex = 0; };
		50ED0743C34340AD845D505A /* Entypo.ttf */ = {isa = PBXFileReference; name = "Entypo.ttf"; path = "../node_modules/react-native-vector-icons/Fonts/Entypo.ttf"; sourceTree = "<group>"; fileEncoding = undefined; lastKnownFileType = unknown; explicitFileType = undefined; includeInIndex = 0; };
		E43C408AD11F4300AD63C498 /* EvilIcons.ttf */ = {isa = PBXFileReference; name = "EvilIcons.ttf"; path = "../node_modules/react-native-vector-icons/Fonts/EvilIcons.ttf"; sourceTree = "<group>"; fileEncoding = undefined; lastKnownFileType = unknown; explicitFileType = undefined; includeInIndex = 0; };
		84F9AE3D830845DF9492D936 /* Feather.ttf */ = {isa = PBXFileReference; name = "Feather.ttf"; path = "../node_modules/react-native-vector-icons/Fonts/Feather.ttf"; sourceTree = "<group>"; fileEncoding = undefined; lastKnownFileType = unknown; explicitFileType = undefined; includeInIndex = 0; };
		5C1BED00C05B411A900EA707 /* FontAwesome.ttf */ = {isa = PBXFileReference; name = "FontAwesome.ttf"; path = "../node_modules/react-native-vector-icons/Fonts/FontAwesome.ttf"; sourceTree = "<group>"; fileEncoding = undefined; lastKnownFileType = unknown; explicitFileType = undefined; includeInIndex = 0; };
		4D3F7E2A762344439E1DFE45 /* FontAwesome5_Brands.ttf */ = {isa = PBXFileReference; name = "FontAwesome5_Brands.ttf"; path = "../node_modules/react-native-vector-icons/Fonts/FontAwesome5_Brands.ttf"; sourceTree = "<group>"; fileEncoding = undefined; lastKnownFileType = unknown; explicitFileType = undefined; includeInIndex = 0; };
		8FD6682C55004896BD87801E /* FontAwesome5_Regular.ttf */ = {isa = PBXFileReference; name = "FontAwesome5_Regular.ttf"; path = "../node_modules/react-native-vector-icons/Fonts/FontAwesome5_Regular.ttf"; sourceTree = "<group>"; fileEncoding = undefined; lastKnownFileType = unknown; explicitFileType = undefined; includeInIndex = 0; };
		1C03878A087045D6B6C21165 /* FontAwesome5_Solid.ttf */ = {isa = PBXFileReference; name = "FontAwesome5_Solid.ttf"; path = "../node_modules/react-native-vector-icons/Fonts/FontAwesome5_Solid.ttf"; sourceTree = "<group>"; fileEncoding = undefined; lastKnownFileType = unknown; explicitFileType = undefined; includeInIndex = 0; };
		0FE8E6FC64D24AFFAD9D23DA /* Fontisto.ttf */ = {isa = PBXFileReference; name = "Fontisto.ttf"; path = "../node_modules/react-native-vector-icons/Fonts/Fontisto.ttf"; sourceTree = "<group>"; fileEncoding = undefined; lastKnownFileType = unknown; explicitFileType = undefined; includeInIndex = 0; };
		5443CE57C8974D50AB8DB530 /* Foundation.ttf */ = {isa = PBXFileReference; name = "Foundation.ttf"; path = "../node_modules/react-native-vector-icons/Fonts/Foundation.ttf"; sourceTree = "<group>"; fileEncoding = undefined; lastKnownFileType = unknown; explicitFileType = undefined; includeInIndex = 0; };
		B1ABACCEB24347289D4E8F21 /* Ionicons.ttf */ = {isa = PBXFileReference; name = "Ionicons.ttf"; path = "../node_modules/react-native-vector-icons/Fonts/Ionicons.ttf"; sourceTree = "<group>"; fileEncoding = undefined; lastKnownFileType = unknown; explicitFileType = undefined; includeInIndex = 0; };
		20690B4D059241CDA7A8CF7C /* MaterialCommunityIcons.ttf */ = {isa = PBXFileReference; name = "MaterialCommunityIcons.ttf"; path = "../node_modules/react-native-vector-icons/Fonts/MaterialCommunityIcons.ttf"; sourceTree = "<group>"; fileEncoding = undefined; lastKnownFileType = unknown; explicitFileType = undefined; includeInIndex = 0; };
		0650B467477545C2B13981E9 /* MaterialIcons.ttf */ = {isa = PBXFileReference; name = "MaterialIcons.ttf"; path = "../node_modules/react-native-vector-icons/Fonts/MaterialIcons.ttf"; sourceTree = "<group>"; fileEncoding = undefined; lastKnownFileType = unknown; explicitFileType = undefined; includeInIndex = 0; };
		A0782299E7264008A9A8A548 /* Octicons.ttf */ = {isa = PBXFileReference; name = "Octicons.ttf"; path = "../node_modules/react-native-vector-icons/Fonts/Octicons.ttf"; sourceTree = "<group>"; fileEncoding = undefined; lastKnownFileType = unknown; explicitFileType = undefined; includeInIndex = 0; };
		D6BA49B1481848CBA5388F74 /* SimpleLineIcons.ttf */ = {isa = PBXFileReference; name = "SimpleLineIcons.ttf"; path = "../node_modules/react-native-vector-icons/Fonts/SimpleLineIcons.ttf"; sourceTree = "<group>"; fileEncoding = undefined; lastKnownFileType = unknown; explicitFileType = undefined; includeInIndex = 0; };
		20CE49FF4EA84B199281A834 /* Zocial.ttf */ = {isa = PBXFileReference; name = "Zocial.ttf"; path = "../node_modules/react-native-vector-icons/Fonts/Zocial.ttf"; sourceTree = "<group>"; fileEncoding = undefined; lastKnownFileType = unknown; explicitFileType = undefined; includeInIndex = 0; };
		13641ECC39CC48FAA1C0E37B /* ScheherazadeNew-Bold.ttf */ = {isa = PBXFileReference; name = "ScheherazadeNew-Bold.ttf"; path = "../components/assets/fonts/ScheherazadeNew-Bold.ttf"; sourceTree = "<group>"; fileEncoding = undefined; lastKnownFileType = unknown; explicitFileType = undefined; includeInIndex = 0; };
		0AB3890B2BFF42DC966725A6 /* ScheherazadeNew-Regular.ttf */ = {isa = PBXFileReference; name = "ScheherazadeNew-Regular.ttf"; path = "../components/assets/fonts/ScheherazadeNew-Regular.ttf"; sourceTree = "<group>"; fileEncoding = undefined; lastKnownFileType = unknown; explicitFileType = undefined; includeInIndex = 0; };
		805F3FBD8FD54530B59570A5 /* Slabo27px-Regular.ttf */ = {isa = PBXFileReference; name = "Slabo27px-Regular.ttf"; path = "../components/assets/fonts/Slabo27px-Regular.ttf"; sourceTree = "<group>"; fileEncoding = undefined; lastKnownFileType = unknown; explicitFileType = undefined; includeInIndex = 0; };
/* End PBXFileReference section */

/* Begin PBXFrameworksBuildPhase section */
		00E356EB1AD99517003FC87E /* Frameworks */ = {
			isa = PBXFrameworksBuildPhase;
			buildActionMask = 2147483647;
			files = (
			);
			runOnlyForDeploymentPostprocessing = 0;
		};
		13B07F8C1A680F5B00A75B9A /* Frameworks */ = {
			isa = PBXFrameworksBuildPhase;
			buildActionMask = 2147483647;
			files = (
			);
			runOnlyForDeploymentPostprocessing = 0;
		};
/* End PBXFrameworksBuildPhase section */

/* Begin PBXGroup section */
		00E356EF1AD99517003FC87E /* KMa_Support_JobTests */ = {
			isa = PBXGroup;
			children = (
				00E356F21AD99517003FC87E /* KMa_Support_JobTests.m */,
				00E356F01AD99517003FC87E /* Supporting Files */,
			);
			path = KMa_Support_JobTests;
			sourceTree = "<group>";
		};
		00E356F01AD99517003FC87E /* Supporting Files */ = {
			isa = PBXGroup;
			children = (
				00E356F11AD99517003FC87E /* Info.plist */,
			);
			name = "Supporting Files";
			sourceTree = "<group>";
		};
		13B07FAE1A68108700A75B9A /* KMa_Support_Job */ = {
			isa = PBXGroup;
			children = (
				13B07FAF1A68108700A75B9A /* AppDelegate.h */,
				13B07FB01A68108700A75B9A /* AppDelegate.m */,
				13B07FB51A68108700A75B9A /* Images.xcassets */,
				13B07FB61A68108700A75B9A /* Info.plist */,
				81AB9BB72411601600AC10FF /* LaunchScreen.storyboard */,
				13B07FB71A68108700A75B9A /* main.m */,
			);
			name = KMa_Support_Job;
			sourceTree = "<group>";
		};
		2D16E6871FA4F8E400B85C8A /* Frameworks */ = {
			isa = PBXGroup;
			children = (
				ED297162215061F000B7C4FE /* JavaScriptCore.framework */,
			);
			name = Frameworks;
			sourceTree = "<group>";
		};
		832341AE1AAA6A7D00B99B32 /* Libraries */ = {
			isa = PBXGroup;
			children = (
			);
			name = Libraries;
			sourceTree = "<group>";
		};
		83CBB9F61A601CBA00E9B192 = {
			isa = PBXGroup;
			children = (
				13B07FAE1A68108700A75B9A /* KMa_Support_Job */,
				832341AE1AAA6A7D00B99B32 /* Libraries */,
				00E356EF1AD99517003FC87E /* KMa_Support_JobTests */,
				83CBBA001A601CBA00E9B192 /* Products */,
				2D16E6871FA4F8E400B85C8A /* Frameworks */,
				DA16F86A68044A359C0D02E0 /* Resources */,
			);
			indentWidth = 2;
			sourceTree = "<group>";
			tabWidth = 2;
			usesTabs = 0;
		};
		83CBBA001A601CBA00E9B192 /* Products */ = {
			isa = PBXGroup;
			children = (
				13B07F961A680F5B00A75B9A /* KMa_Support_Job.app */,
				00E356EE1AD99517003FC87E /* KMa_Support_JobTests.xctest */,
			);
			name = Products;
			sourceTree = "<group>";
		};
		DA16F86A68044A359C0D02E0 /* Resources */ = {
			isa = "PBXGroup";
			children = (
				DE8DF6F404C14FE0A17ADC7F /* Roboto-Black.ttf */,
				2F3E66C04C894CF4B5ECF893 /* Roboto-BlackItalic.ttf */,
				93E436ABC42C42DD8720ED77 /* Roboto-Bold.ttf */,
				BFC92420A9C8471FA368F257 /* Roboto-BoldItalic.ttf */,
				EB292404CFF74E96B884285C /* Roboto-Italic.ttf */,
				F0B8D37395CE4661A65330C7 /* Roboto-Light.ttf */,
				BA2BDC3C474340D0A0232918 /* Roboto-LightItalic.ttf */,
				436553C8FAA34F2EAC69500F /* Roboto-Medium.ttf */,
				8EA5878684BE4B96B3469308 /* Roboto-MediumItalic.ttf */,
				0244447492A44C3FA02422CE /* Roboto-Regular.ttf */,
				F6061538027F471D878FF326 /* Roboto-Thin.ttf */,
				7162C0F8D0D04C9199CFC03D /* Roboto-ThinItalic.ttf */,
				7C9E9873D51C47D2B78A4197 /* RobotoCondensed-Bold.ttf */,
				7A909B01ABE34692B958458A /* RobotoCondensed-BoldItalic.ttf */,
				61F41151161A4675BC1DD162 /* RobotoCondensed-Italic.ttf */,
				CB7C5E091EDE46A197C61368 /* RobotoCondensed-Light.ttf */,
				E44ABD9020AD42F9945289F9 /* RobotoCondensed-LightItalic.ttf */,
				7D6A9718B63644FF90B22B08 /* RobotoCondensed-Regular.ttf */,
				993D0251D0A14DC38F6DD9D1 /* Gluten-Black.ttf */,
				0639128804A341B09C1937AF /* Gluten-Bold.ttf */,
				6AED94A287DD4A7BAC29B558 /* Gluten-ExtraBold.ttf */,
				DB3A0D0C2B02448C88101F56 /* Gluten-ExtraLight.ttf */,
				D96D820624C2459A9454C834 /* Gluten-Light.ttf */,
				6D7A2DBE485C49759281A42F /* Gluten-Medium.ttf */,
				13786C953DF6430E8E955B7A /* Gluten-Regular.ttf */,
				D1BE3D0209B1454C938C9CBB /* Gluten-SemiBold.ttf */,
				575E52B98AAB4BC4ADBFAE45 /* Gluten-Thin.ttf */,
				AAE7FB563F134B18BBC2F709 /* Gluten-VariableFont_wght.ttf */,
				5B8E3DBA31F04F0CB8D3DC46 /* AntDesign.ttf */,
				50ED0743C34340AD845D505A /* Entypo.ttf */,
				E43C408AD11F4300AD63C498 /* EvilIcons.ttf */,
				84F9AE3D830845DF9492D936 /* Feather.ttf */,
				5C1BED00C05B411A900EA707 /* FontAwesome.ttf */,
				4D3F7E2A762344439E1DFE45 /* FontAwesome5_Brands.ttf */,
				8FD6682C55004896BD87801E /* FontAwesome5_Regular.ttf */,
				1C03878A087045D6B6C21165 /* FontAwesome5_Solid.ttf */,
				0FE8E6FC64D24AFFAD9D23DA /* Fontisto.ttf */,
				5443CE57C8974D50AB8DB530 /* Foundation.ttf */,
				B1ABACCEB24347289D4E8F21 /* Ionicons.ttf */,
				20690B4D059241CDA7A8CF7C /* MaterialCommunityIcons.ttf */,
				0650B467477545C2B13981E9 /* MaterialIcons.ttf */,
				A0782299E7264008A9A8A548 /* Octicons.ttf */,
				D6BA49B1481848CBA5388F74 /* SimpleLineIcons.ttf */,
				20CE49FF4EA84B199281A834 /* Zocial.ttf */,
				13641ECC39CC48FAA1C0E37B /* ScheherazadeNew-Bold.ttf */,
				0AB3890B2BFF42DC966725A6 /* ScheherazadeNew-Regular.ttf */,
				805F3FBD8FD54530B59570A5 /* Slabo27px-Regular.ttf */,
			);
			name = Resources;
			sourceTree = "<group>";
			path = "";
		};
/* End PBXGroup section */

/* Begin PBXNativeTarget section */
		00E356ED1AD99517003FC87E /* KMa_Support_JobTests */ = {
			isa = PBXNativeTarget;
			buildConfigurationList = 00E357021AD99517003FC87E /* Build configuration list for PBXNativeTarget "KMa_Support_JobTests" */;
			buildPhases = (
				00E356EA1AD99517003FC87E /* Sources */,
				00E356EB1AD99517003FC87E /* Frameworks */,
				00E356EC1AD99517003FC87E /* Resources */,
			);
			buildRules = (
			);
			dependencies = (
				00E356F51AD99517003FC87E /* PBXTargetDependency */,
			);
			name = KMa_Support_JobTests;
			productName = KMa_Support_JobTests;
			productReference = 00E356EE1AD99517003FC87E /* KMa_Support_JobTests.xctest */;
			productType = "com.apple.product-type.bundle.unit-test";
		};
		13B07F861A680F5B00A75B9A /* KMa_Support_Job */ = {
			isa = PBXNativeTarget;
			buildConfigurationList = 13B07F931A680F5B00A75B9A /* Build configuration list for PBXNativeTarget "KMa_Support_Job" */;
			buildPhases = (
				FD10A7F022414F080027D42C /* Start Packager */,
				13B07F871A680F5B00A75B9A /* Sources */,
				13B07F8C1A680F5B00A75B9A /* Frameworks */,
				13B07F8E1A680F5B00A75B9A /* Resources */,
				00DD1BFF1BD5951E006B06BC /* Bundle React Native code and images */,
			);
			buildRules = (
			);
			dependencies = (
			);
			name = KMa_Support_Job;
			productName = KMa_Support_Job;
			productReference = 13B07F961A680F5B00A75B9A /* KMa_Support_Job.app */;
			productType = "com.apple.product-type.application";
		};
/* End PBXNativeTarget section */

/* Begin PBXProject section */
		83CBB9F71A601CBA00E9B192 /* Project object */ = {
			isa = PBXProject;
			attributes = {
				LastUpgradeCheck = 1210;
				TargetAttributes = {
					00E356ED1AD99517003FC87E = {
						CreatedOnToolsVersion = 6.2;
						TestTargetID = 13B07F861A680F5B00A75B9A;
					};
					13B07F861A680F5B00A75B9A = {
						LastSwiftMigration = 1120;
					};
				};
			};
			buildConfigurationList = 83CBB9FA1A601CBA00E9B192 /* Build configuration list for PBXProject "KMa_Support_Job" */;
			compatibilityVersion = "Xcode 12.0";
			developmentRegion = en;
			hasScannedForEncodings = 0;
			knownRegions = (
				en,
				Base,
			);
			mainGroup = 83CBB9F61A601CBA00E9B192;
			productRefGroup = 83CBBA001A601CBA00E9B192 /* Products */;
			projectDirPath = "";
			projectRoot = "";
			targets = (
				13B07F861A680F5B00A75B9A /* KMa_Support_Job */,
				00E356ED1AD99517003FC87E /* KMa_Support_JobTests */,
			);
		};
/* End PBXProject section */

/* Begin PBXResourcesBuildPhase section */
		00E356EC1AD99517003FC87E /* Resources */ = {
			isa = PBXResourcesBuildPhase;
			buildActionMask = 2147483647;
			files = (
			);
			runOnlyForDeploymentPostprocessing = 0;
		};
		13B07F8E1A680F5B00A75B9A /* Resources */ = {
			isa = PBXResourcesBuildPhase;
			buildActionMask = 2147483647;
			files = (
				81AB9BB82411601600AC10FF /* LaunchScreen.storyboard in Resources */,
				13B07FBF1A68108700A75B9A /* Images.xcassets in Resources */,
				BF65D7C341334ECDBB440FDE /* Roboto-Black.ttf in Resources */,
				4A8796AB959A4AF68F13F920 /* Roboto-BlackItalic.ttf in Resources */,
				210C0B3A79514BA89B78C986 /* Roboto-Bold.ttf in Resources */,
				4F1BE03A896F44E79B534058 /* Roboto-BoldItalic.ttf in Resources */,
				3E207ED844B744C5A12DBB8F /* Roboto-Italic.ttf in Resources */,
				F80A610CD190479EAD5C8BCA /* Roboto-Light.ttf in Resources */,
				8D52B6EED23A436489F89F86 /* Roboto-LightItalic.ttf in Resources */,
				BE5A5C97443E4EC3B2695BF3 /* Roboto-Medium.ttf in Resources */,
				05DC70D7860840DEB782AB92 /* Roboto-MediumItalic.ttf in Resources */,
				2598A227EECD42AF9877389D /* Roboto-Regular.ttf in Resources */,
				890D3374677F4EBFA189E509 /* Roboto-Thin.ttf in Resources */,
				7854D93EC4C1414DB83FFF3B /* Roboto-ThinItalic.ttf in Resources */,
				E4829E739A94429C9E2E7001 /* RobotoCondensed-Bold.ttf in Resources */,
				D32507F34CA741649B84F9F5 /* RobotoCondensed-BoldItalic.ttf in Resources */,
				22D32FD2C80B4C479E00F607 /* RobotoCondensed-Italic.ttf in Resources */,
				3B3C0C69C0864FB795EEB054 /* RobotoCondensed-Light.ttf in Resources */,
				014C082F3EC14AB1B731B58C /* RobotoCondensed-LightItalic.ttf in Resources */,
				1E22ACD69C3143C89DEE15DF /* RobotoCondensed-Regular.ttf in Resources */,
				12922190360C41B8AE4FE8C6 /* Gluten-Black.ttf in Resources */,
				FE84F4389D3D460BBE4355C4 /* Gluten-Bold.ttf in Resources */,
				FF1AAFD2F6D44DFEB911BADD /* Gluten-ExtraBold.ttf in Resources */,
				690947E4D2B846F0BD453B61 /* Gluten-ExtraLight.ttf in Resources */,
				0C581ECFAF044627AE76C15B /* Gluten-Light.ttf in Resources */,
				C91DE209CE8E433EAED10AAB /* Gluten-Medium.ttf in Resources */,
				8C17561ADBD44B2FAF5F21F3 /* Gluten-Regular.ttf in Resources */,
				97465DA2F84040B0BB4913ED /* Gluten-SemiBold.ttf in Resources */,
				5EAD20A8477845A0A306B1E1 /* Gluten-Thin.ttf in Resources */,
				000857D6E1B84E72BA7C6390 /* Gluten-VariableFont_wght.ttf in Resources */,
				7191A2B24E804379818681B4 /* AntDesign.ttf in Resources */,
				9D952B3C512B4894A643CA72 /* Entypo.ttf in Resources */,
				EFE46C92120F4728AF4505E8 /* EvilIcons.ttf in Resources */,
				8A4144734AF14019A45AE0B9 /* Feather.ttf in Resources */,
				087B8F1807304B9AB3CD131E /* FontAwesome.ttf in Resources */,
				4FAAD72738D5412F8513ADF7 /* FontAwesome5_Brands.ttf in Resources */,
				CFAB9182CE804797993561C2 /* FontAwesome5_Regular.ttf in Resources */,
				B7FB73CEDC5448449F217226 /* FontAwesome5_Solid.ttf in Resources */,
				C8C440BAD47B4217B8513D98 /* Fontisto.ttf in Resources */,
				2C67AE36DCE8464FBE020CEC /* Foundation.ttf in Resources */,
				6E344762B753420CBA9C2F07 /* Ionicons.ttf in Resources */,
				A47C98E9AF4242AB85F5641C /* MaterialCommunityIcons.ttf in Resources */,
				4D55E7539D104ACC90C8842F /* MaterialIcons.ttf in Resources */,
				798752824E7D4A22995355C9 /* Octicons.ttf in Resources */,
				B0DE398460F94FF28BA0C227 /* SimpleLineIcons.ttf in Resources */,
				FCBE5C2A488E44368552D1A4 /* Zocial.ttf in Resources */,
				B0EF486C93154F71AFC177E9 /* ScheherazadeNew-Bold.ttf in Resources */,
				15007EC5015043748F375AB7 /* ScheherazadeNew-Regular.ttf in Resources */,
				F5A88FC5FBEA439FA4A1300B /* Slabo27px-Regular.ttf in Resources */,
			);
			runOnlyForDeploymentPostprocessing = 0;
		};
/* End PBXResourcesBuildPhase section */

/* Begin PBXShellScriptBuildPhase section */
		00DD1BFF1BD5951E006B06BC /* Bundle React Native code and images */ = {
			isa = PBXShellScriptBuildPhase;
			buildActionMask = 2147483647;
			files = (
			);
			inputPaths = (
			);
			name = "Bundle React Native code and images";
			outputPaths = (
			);
			runOnlyForDeploymentPostprocessing = 0;
			shellPath = /bin/sh;
			shellScript = "set -e\n\nexport NODE_BINARY=node\n../node_modules/react-native/scripts/react-native-xcode.sh\n";
		};
		FD10A7F022414F080027D42C /* Start Packager */ = {
			isa = PBXShellScriptBuildPhase;
			buildActionMask = 2147483647;
			files = (
			);
			inputFileListPaths = (
			);
			inputPaths = (
			);
			name = "Start Packager";
			outputFileListPaths = (
			);
			outputPaths = (
			);
			runOnlyForDeploymentPostprocessing = 0;
			shellPath = /bin/sh;
			shellScript = "export RCT_METRO_PORT=\"${RCT_METRO_PORT:=8081}\"\necho \"export RCT_METRO_PORT=${RCT_METRO_PORT}\" > \"${SRCROOT}/../node_modules/react-native/scripts/.packager.env\"\nif [ -z \"${RCT_NO_LAUNCH_PACKAGER+xxx}\" ] ; then\n  if nc -w 5 -z localhost ${RCT_METRO_PORT} ; then\n    if ! curl -s \"http://localhost:${RCT_METRO_PORT}/status\" | grep -q \"packager-status:running\" ; then\n      echo \"Port ${RCT_METRO_PORT} already in use, packager is either not running or not running correctly\"\n      exit 2\n    fi\n  else\n    open \"$SRCROOT/../node_modules/react-native/scripts/launchPackager.command\" || echo \"Can't start packager automatically\"\n  fi\nfi\n";
			showEnvVarsInLog = 0;
		};
/* End PBXShellScriptBuildPhase section */

/* Begin PBXSourcesBuildPhase section */
		00E356EA1AD99517003FC87E /* Sources */ = {
			isa = PBXSourcesBuildPhase;
			buildActionMask = 2147483647;
			files = (
				00E356F31AD99517003FC87E /* KMa_Support_JobTests.m in Sources */,
			);
			runOnlyForDeploymentPostprocessing = 0;
		};
		13B07F871A680F5B00A75B9A /* Sources */ = {
			isa = PBXSourcesBuildPhase;
			buildActionMask = 2147483647;
			files = (
				13B07FBC1A68108700A75B9A /* AppDelegate.m in Sources */,
				13B07FC11A68108700A75B9A /* main.m in Sources */,
			);
			runOnlyForDeploymentPostprocessing = 0;
		};
/* End PBXSourcesBuildPhase section */

/* Begin PBXTargetDependency section */
		00E356F51AD99517003FC87E /* PBXTargetDependency */ = {
			isa = PBXTargetDependency;
			target = 13B07F861A680F5B00A75B9A /* KMa_Support_Job */;
			targetProxy = 00E356F41AD99517003FC87E /* PBXContainerItemProxy */;
		};
/* End PBXTargetDependency section */

/* Begin XCBuildConfiguration section */
		00E356F61AD99517003FC87E /* Debug */ = {
			isa = XCBuildConfiguration;
			buildSettings = {
				BUNDLE_LOADER = "$(TEST_HOST)";
				GCC_PREPROCESSOR_DEFINITIONS = (
					"DEBUG=1",
					"$(inherited)",
				);
				INFOPLIST_FILE = KMa_Support_JobTests/Info.plist;
				IPHONEOS_DEPLOYMENT_TARGET = 11.0;
				LD_RUNPATH_SEARCH_PATHS = (
					"$(inherited)",
					"@executable_path/Frameworks",
					"@loader_path/Frameworks",
				);
				OTHER_LDFLAGS = (
					"-ObjC",
					"-lc++",
					"$(inherited)",
				);
				PRODUCT_BUNDLE_IDENTIFIER = "org.reactjs.native.example.$(PRODUCT_NAME:rfc1034identifier)";
				PRODUCT_NAME = "$(TARGET_NAME)";
				TEST_HOST = "$(BUILT_PRODUCTS_DIR)/KMa_Support_Job.app/KMa_Support_Job";
			};
			name = Debug;
		};
		00E356F71AD99517003FC87E /* Release */ = {
			isa = XCBuildConfiguration;
			buildSettings = {
				BUNDLE_LOADER = "$(TEST_HOST)";
				COPY_PHASE_STRIP = NO;
				INFOPLIST_FILE = KMa_Support_JobTests/Info.plist;
				IPHONEOS_DEPLOYMENT_TARGET = 11.0;
				LD_RUNPATH_SEARCH_PATHS = (
					"$(inherited)",
					"@executable_path/Frameworks",
					"@loader_path/Frameworks",
				);
				OTHER_LDFLAGS = (
					"-ObjC",
					"-lc++",
					"$(inherited)",
				);
				PRODUCT_BUNDLE_IDENTIFIER = "org.reactjs.native.example.$(PRODUCT_NAME:rfc1034identifier)";
				PRODUCT_NAME = "$(TARGET_NAME)";
				TEST_HOST = "$(BUILT_PRODUCTS_DIR)/KMa_Support_Job.app/KMa_Support_Job";
			};
			name = Release;
		};
		13B07F941A680F5B00A75B9A /* Debug */ = {
			isa = XCBuildConfiguration;
			buildSettings = {
				ASSETCATALOG_COMPILER_APPICON_NAME = AppIcon;
				CLANG_ENABLE_MODULES = YES;
				CURRENT_PROJECT_VERSION = 1;
				ENABLE_BITCODE = NO;
				INFOPLIST_FILE = KMa_Support_Job/Info.plist;
				LD_RUNPATH_SEARCH_PATHS = (
					"$(inherited)",
					"@executable_path/Frameworks",
				);
				OTHER_LDFLAGS = (
					"$(inherited)",
					"-ObjC",
					"-lc++",
				);
				PRODUCT_BUNDLE_IDENTIFIER = "org.reactjs.native.example.$(PRODUCT_NAME:rfc1034identifier)";
				PRODUCT_NAME = KMa_Support_Job;
				SWIFT_OPTIMIZATION_LEVEL = "-Onone";
				SWIFT_VERSION = 5.0;
				VERSIONING_SYSTEM = "apple-generic";
			};
			name = Debug;
		};
		13B07F951A680F5B00A75B9A /* Release */ = {
			isa = XCBuildConfiguration;
			buildSettings = {
				ASSETCATALOG_COMPILER_APPICON_NAME = AppIcon;
				CLANG_ENABLE_MODULES = YES;
				CURRENT_PROJECT_VERSION = 1;
				INFOPLIST_FILE = KMa_Support_Job/Info.plist;
				LD_RUNPATH_SEARCH_PATHS = (
					"$(inherited)",
					"@executable_path/Frameworks",
				);
				OTHER_LDFLAGS = (
					"$(inherited)",
					"-ObjC",
					"-lc++",
				);
				PRODUCT_BUNDLE_IDENTIFIER = "org.reactjs.native.example.$(PRODUCT_NAME:rfc1034identifier)";
				PRODUCT_NAME = KMa_Support_Job;
				SWIFT_VERSION = 5.0;
				VERSIONING_SYSTEM = "apple-generic";
			};
			name = Release;
		};
		83CBBA201A601CBA00E9B192 /* Debug */ = {
			isa = XCBuildConfiguration;
			buildSettings = {
				ALWAYS_SEARCH_USER_PATHS = NO;
				CLANG_ANALYZER_LOCALIZABILITY_NONLOCALIZED = YES;
				CLANG_CXX_LANGUAGE_STANDARD = "gnu++0x";
				CLANG_CXX_LIBRARY = "libc++";
				CLANG_ENABLE_MODULES = YES;
				CLANG_ENABLE_OBJC_ARC = YES;
				CLANG_WARN_BLOCK_CAPTURE_AUTORELEASING = YES;
				CLANG_WARN_BOOL_CONVERSION = YES;
				CLANG_WARN_COMMA = YES;
				CLANG_WARN_CONSTANT_CONVERSION = YES;
				CLANG_WARN_DEPRECATED_OBJC_IMPLEMENTATIONS = YES;
				CLANG_WARN_DIRECT_OBJC_ISA_USAGE = YES_ERROR;
				CLANG_WARN_EMPTY_BODY = YES;
				CLANG_WARN_ENUM_CONVERSION = YES;
				CLANG_WARN_INFINITE_RECURSION = YES;
				CLANG_WARN_INT_CONVERSION = YES;
				CLANG_WARN_NON_LITERAL_NULL_CONVERSION = YES;
				CLANG_WARN_OBJC_IMPLICIT_RETAIN_SELF = YES;
				CLANG_WARN_OBJC_LITERAL_CONVERSION = YES;
				CLANG_WARN_OBJC_ROOT_CLASS = YES_ERROR;
				CLANG_WARN_QUOTED_INCLUDE_IN_FRAMEWORK_HEADER = YES;
				CLANG_WARN_RANGE_LOOP_ANALYSIS = YES;
				CLANG_WARN_STRICT_PROTOTYPES = YES;
				CLANG_WARN_SUSPICIOUS_MOVE = YES;
				CLANG_WARN_UNREACHABLE_CODE = YES;
				CLANG_WARN__DUPLICATE_METHOD_MATCH = YES;
				"CODE_SIGN_IDENTITY[sdk=iphoneos*]" = "iPhone Developer";
				COPY_PHASE_STRIP = NO;
				ENABLE_STRICT_OBJC_MSGSEND = YES;
				ENABLE_TESTABILITY = YES;
				GCC_C_LANGUAGE_STANDARD = gnu99;
				GCC_DYNAMIC_NO_PIC = NO;
				GCC_NO_COMMON_BLOCKS = YES;
				GCC_OPTIMIZATION_LEVEL = 0;
				GCC_PREPROCESSOR_DEFINITIONS = (
					"DEBUG=1",
					"$(inherited)",
				);
				GCC_SYMBOLS_PRIVATE_EXTERN = NO;
				GCC_WARN_64_TO_32_BIT_CONVERSION = YES;
				GCC_WARN_ABOUT_RETURN_TYPE = YES_ERROR;
				GCC_WARN_UNDECLARED_SELECTOR = YES;
				GCC_WARN_UNINITIALIZED_AUTOS = YES_AGGRESSIVE;
				GCC_WARN_UNUSED_FUNCTION = YES;
				GCC_WARN_UNUSED_VARIABLE = YES;
				IPHONEOS_DEPLOYMENT_TARGET = 11.0;
				LD_RUNPATH_SEARCH_PATHS = (
					/usr/lib/swift,
					"$(inherited)",
				);
				LIBRARY_SEARCH_PATHS = (
					"\"$(TOOLCHAIN_DIR)/usr/lib/swift/$(PLATFORM_NAME)\"",
					"\"$(TOOLCHAIN_DIR)/usr/lib/swift-5.0/$(PLATFORM_NAME)\"",
					"\"$(inherited)\"",
				);
				MTL_ENABLE_DEBUG_INFO = YES;
				ONLY_ACTIVE_ARCH = YES;
				SDKROOT = iphoneos;
			};
			name = Debug;
		};
		83CBBA211A601CBA00E9B192 /* Release */ = {
			isa = XCBuildConfiguration;
			buildSettings = {
				ALWAYS_SEARCH_USER_PATHS = NO;
				CLANG_ANALYZER_LOCALIZABILITY_NONLOCALIZED = YES;
				CLANG_CXX_LANGUAGE_STANDARD = "gnu++0x";
				CLANG_CXX_LIBRARY = "libc++";
				CLANG_ENABLE_MODULES = YES;
				CLANG_ENABLE_OBJC_ARC = YES;
				CLANG_WARN_BLOCK_CAPTURE_AUTORELEASING = YES;
				CLANG_WARN_BOOL_CONVERSION = YES;
				CLANG_WARN_COMMA = YES;
				CLANG_WARN_CONSTANT_CONVERSION = YES;
				CLANG_WARN_DEPRECATED_OBJC_IMPLEMENTATIONS = YES;
				CLANG_WARN_DIRECT_OBJC_ISA_USAGE = YES_ERROR;
				CLANG_WARN_EMPTY_BODY = YES;
				CLANG_WARN_ENUM_CONVERSION = YES;
				CLANG_WARN_INFINITE_RECURSION = YES;
				CLANG_WARN_INT_CONVERSION = YES;
				CLANG_WARN_NON_LITERAL_NULL_CONVERSION = YES;
				CLANG_WARN_OBJC_IMPLICIT_RETAIN_SELF = YES;
				CLANG_WARN_OBJC_LITERAL_CONVERSION = YES;
				CLANG_WARN_OBJC_ROOT_CLASS = YES_ERROR;
				CLANG_WARN_QUOTED_INCLUDE_IN_FRAMEWORK_HEADER = YES;
				CLANG_WARN_RANGE_LOOP_ANALYSIS = YES;
				CLANG_WARN_STRICT_PROTOTYPES = YES;
				CLANG_WARN_SUSPICIOUS_MOVE = YES;
				CLANG_WARN_UNREACHABLE_CODE = YES;
				CLANG_WARN__DUPLICATE_METHOD_MATCH = YES;
				"CODE_SIGN_IDENTITY[sdk=iphoneos*]" = "iPhone Developer";
				COPY_PHASE_STRIP = YES;
				ENABLE_NS_ASSERTIONS = NO;
				ENABLE_STRICT_OBJC_MSGSEND = YES;
				GCC_C_LANGUAGE_STANDARD = gnu99;
				GCC_NO_COMMON_BLOCKS = YES;
				GCC_WARN_64_TO_32_BIT_CONVERSION = YES;
				GCC_WARN_ABOUT_RETURN_TYPE = YES_ERROR;
				GCC_WARN_UNDECLARED_SELECTOR = YES;
				GCC_WARN_UNINITIALIZED_AUTOS = YES_AGGRESSIVE;
				GCC_WARN_UNUSED_FUNCTION = YES;
				GCC_WARN_UNUSED_VARIABLE = YES;
				IPHONEOS_DEPLOYMENT_TARGET = 11.0;
				LD_RUNPATH_SEARCH_PATHS = (
					/usr/lib/swift,
					"$(inherited)",
				);
				LIBRARY_SEARCH_PATHS = (
					"\"$(TOOLCHAIN_DIR)/usr/lib/swift/$(PLATFORM_NAME)\"",
					"\"$(TOOLCHAIN_DIR)/usr/lib/swift-5.0/$(PLATFORM_NAME)\"",
					"\"$(inherited)\"",
				);
				MTL_ENABLE_DEBUG_INFO = NO;
				SDKROOT = iphoneos;
				VALIDATE_PRODUCT = YES;
			};
			name = Release;
		};
/* End XCBuildConfiguration section */

/* Begin XCConfigurationList section */
		00E357021AD99517003FC87E /* Build configuration list for PBXNativeTarget "KMa_Support_JobTests" */ = {
			isa = XCConfigurationList;
			buildConfigurations = (
				00E356F61AD99517003FC87E /* Debug */,
				00E356F71AD99517003FC87E /* Release */,
			);
			defaultConfigurationIsVisible = 0;
			defaultConfigurationName = Release;
		};
		13B07F931A680F5B00A75B9A /* Build configuration list for PBXNativeTarget "KMa_Support_Job" */ = {
			isa = XCConfigurationList;
			buildConfigurations = (
				13B07F941A680F5B00A75B9A /* Debug */,
				13B07F951A680F5B00A75B9A /* Release */,
			);
			defaultConfigurationIsVisible = 0;
			defaultConfigurationName = Release;
		};
		83CBB9FA1A601CBA00E9B192 /* Build configuration list for PBXProject "KMa_Support_Job" */ = {
			isa = XCConfigurationList;
			buildConfigurations = (
				83CBBA201A601CBA00E9B192 /* Debug */,
				83CBBA211A601CBA00E9B192 /* Release */,
			);
			defaultConfigurationIsVisible = 0;
			defaultConfigurationName = Release;
		};
/* End XCConfigurationList section */
	};
	rootObject = 83CBB9F71A601CBA00E9B192 /* Project object */;
}
